
Microsoft Visual Studio Solution File, Format Version 12.00
# Visual Studio Version 16
VisualStudioVersion = 16.0.29306.81
MinimumVisualStudioVersion = 10.0.40219.1
Project("{9A19103F-16F7-4668-BE54-9A1E7A4F7556}") = "Marimo.Kotowari", "Kotowari\Marimo.Kotowari.csproj", "{BEDAD7EB-B455-4074-A3E4-C0F9497C87D7}"
EndProject
Project("{9A19103F-16F7-4668-BE54-9A1E7A4F7556}") = "Marimo.Kotowari.Tests", "Kotowari.Tests\Marimo.Kotowari.Tests.csproj", "{BD7E1561-B12E-4897-996E-AE350FA77ECA}"
EndProject
Project("{9A19103F-16F7-4668-BE54-9A1E7A4F7556}") = "JsonParser", "JsonParser\JsonParser.csproj", "{0D076D19-146D-4FC2-9FEB-598798BDB587}"
EndProject
Project("{9A19103F-16F7-4668-BE54-9A1E7A4F7556}") = "JsonParserのテスト", "JsonParserのテスト\JsonParserのテスト.csproj", "{83EF2F82-7506-4869-AE88-9A4A93DA7AF0}"
EndProject
Project("{2150E333-8FDC-42A3-9474-1A3956D46DE8}") = "Kotowari.Benchmarks", "Kotowari.Benchmarks", "{E2D692FF-8BF4-97BD-1D46-34C3D73AE893}"
EndProject
Project("{FAE04EC0-301F-11D3-BF4B-00C04F79EFBC}") = "Marimo.Kotowari.Benchmarks", "Kotowari.Benchmarks\Marimo.Kotowari.Benchmarks.csproj", "{C4E3FE3D-ACBD-4D3B-B0B6-1CAD2E95F09A}"
EndProject
Global
	GlobalSection(SolutionConfigurationPlatforms) = preSolution
		Debug|Any CPU = Debug|Any CPU
		Debug|x64 = Debug|x64
		Debug|x86 = Debug|x86
		Release|Any CPU = Release|Any CPU
		Release|x64 = Release|x64
		Release|x86 = Release|x86
	EndGlobalSection
	GlobalSection(ProjectConfigurationPlatforms) = postSolution
		{BEDAD7EB-B455-4074-A3E4-C0F9497C87D7}.Debug|Any CPU.ActiveCfg = Debug|Any CPU
		{BEDAD7EB-B455-4074-A3E4-C0F9497C87D7}.Debug|Any CPU.Build.0 = Debug|Any CPU
		{BEDAD7EB-B455-4074-A3E4-C0F9497C87D7}.Debug|x64.ActiveCfg = Debug|Any CPU
		{BEDAD7EB-B455-4074-A3E4-C0F9497C87D7}.Debug|x64.Build.0 = Debug|Any CPU
		{BEDAD7EB-B455-4074-A3E4-C0F9497C87D7}.Debug|x86.ActiveCfg = Debug|Any CPU
		{BEDAD7EB-B455-4074-A3E4-C0F9497C87D7}.Debug|x86.Build.0 = Debug|Any CPU
		{BEDAD7EB-B455-4074-A3E4-C0F9497C87D7}.Release|Any CPU.ActiveCfg = Release|Any CPU
		{BEDAD7EB-B455-4074-A3E4-C0F9497C87D7}.Release|Any CPU.Build.0 = Release|Any CPU
		{BEDAD7EB-B455-4074-A3E4-C0F9497C87D7}.Release|x64.ActiveCfg = Release|Any CPU
		{BEDAD7EB-B455-4074-A3E4-C0F9497C87D7}.Release|x64.Build.0 = Release|Any CPU
		{BEDAD7EB-B455-4074-A3E4-C0F9497C87D7}.Release|x86.ActiveCfg = Release|Any CPU
		{BEDAD7EB-B455-4074-A3E4-C0F9497C87D7}.Release|x86.Build.0 = Release|Any CPU
		{BD7E1561-B12E-4897-996E-AE350FA77ECA}.Debug|Any CPU.ActiveCfg = Debug|Any CPU
		{BD7E1561-B12E-4897-996E-AE350FA77ECA}.Debug|Any CPU.Build.0 = Debug|Any CPU
		{BD7E1561-B12E-4897-996E-AE350FA77ECA}.Debug|x64.ActiveCfg = Debug|Any CPU
		{BD7E1561-B12E-4897-996E-AE350FA77ECA}.Debug|x64.Build.0 = Debug|Any CPU
		{BD7E1561-B12E-4897-996E-AE350FA77ECA}.Debug|x86.ActiveCfg = Debug|Any CPU
		{BD7E1561-B12E-4897-996E-AE350FA77ECA}.Debug|x86.Build.0 = Debug|Any CPU
		{BD7E1561-B12E-4897-996E-AE350FA77ECA}.Release|Any CPU.ActiveCfg = Release|Any CPU
		{BD7E1561-B12E-4897-996E-AE350FA77ECA}.Release|Any CPU.Build.0 = Release|Any CPU
		{BD7E1561-B12E-4897-996E-AE350FA77ECA}.Release|x64.ActiveCfg = Release|Any CPU
		{BD7E1561-B12E-4897-996E-AE350FA77ECA}.Release|x64.Build.0 = Release|Any CPU
		{BD7E1561-B12E-4897-996E-AE350FA77ECA}.Release|x86.ActiveCfg = Release|Any CPU
		{BD7E1561-B12E-4897-996E-AE350FA77ECA}.Release|x86.Build.0 = Release|Any CPU
		{0D076D19-146D-4FC2-9FEB-598798BDB587}.Debug|Any CPU.ActiveCfg = Debug|Any CPU
		{0D076D19-146D-4FC2-9FEB-598798BDB587}.Debug|Any CPU.Build.0 = Debug|Any CPU
		{0D076D19-146D-4FC2-9FEB-598798BDB587}.Debug|x64.ActiveCfg = Debug|Any CPU
		{0D076D19-146D-4FC2-9FEB-598798BDB587}.Debug|x64.Build.0 = Debug|Any CPU
		{0D076D19-146D-4FC2-9FEB-598798BDB587}.Debug|x86.ActiveCfg = Debug|Any CPU
		{0D076D19-146D-4FC2-9FEB-598798BDB587}.Debug|x86.Build.0 = Debug|Any CPU
		{0D076D19-146D-4FC2-9FEB-598798BDB587}.Release|Any CPU.ActiveCfg = Release|Any CPU
		{0D076D19-146D-4FC2-9FEB-598798BDB587}.Release|Any CPU.Build.0 = Release|Any CPU
		{0D076D19-146D-4FC2-9FEB-598798BDB587}.Release|x64.ActiveCfg = Release|Any CPU
		{0D076D19-146D-4FC2-9FEB-598798BDB587}.Release|x64.Build.0 = Release|Any CPU
		{0D076D19-146D-4FC2-9FEB-598798BDB587}.Release|x86.ActiveCfg = Release|Any CPU
		{0D076D19-146D-4FC2-9FEB-598798BDB587}.Release|x86.Build.0 = Release|Any CPU
		{83EF2F82-7506-4869-AE88-9A4A93DA7AF0}.Debug|Any CPU.ActiveCfg = Debug|Any CPU
		{83EF2F82-7506-4869-AE88-9A4A93DA7AF0}.Debug|Any CPU.Build.0 = Debug|Any CPU
		{83EF2F82-7506-4869-AE88-9A4A93DA7AF0}.Debug|x64.ActiveCfg = Debug|Any CPU
		{83EF2F82-7506-4869-AE88-9A4A93DA7AF0}.Debug|x64.Build.0 = Debug|Any CPU
		{83EF2F82-7506-4869-AE88-9A4A93DA7AF0}.Debug|x86.ActiveCfg = Debug|Any CPU
		{83EF2F82-7506-4869-AE88-9A4A93DA7AF0}.Debug|x86.Build.0 = Debug|Any CPU
		{83EF2F82-7506-4869-AE88-9A4A93DA7AF0}.Release|Any CPU.ActiveCfg = Release|Any CPU
		{83EF2F82-7506-4869-AE88-9A4A93DA7AF0}.Release|Any CPU.Build.0 = Release|Any CPU
		{83EF2F82-7506-4869-AE88-9A4A93DA7AF0}.Release|x64.ActiveCfg = Release|Any CPU
		{83EF2F82-7506-4869-AE88-9A4A93DA7AF0}.Release|x64.Build.0 = Release|Any CPU
		{83EF2F82-7506-4869-AE88-9A4A93DA7AF0}.Release|x86.ActiveCfg = Release|Any CPU
		{83EF2F82-7506-4869-AE88-9A4A93DA7AF0}.Release|x86.Build.0 = Release|Any CPU
		{C4E3FE3D-ACBD-4D3B-B0B6-1CAD2E95F09A}.Debug|Any CPU.ActiveCfg = Debug|Any CPU
		{C4E3FE3D-ACBD-4D3B-B0B6-1CAD2E95F09A}.Debug|Any CPU.Build.0 = Debug|Any CPU
		{C4E3FE3D-ACBD-4D3B-B0B6-1CAD2E95F09A}.Debug|x64.ActiveCfg = Debug|Any CPU
		{C4E3FE3D-ACBD-4D3B-B0B6-1CAD2E95F09A}.Debug|x64.Build.0 = Debug|Any CPU
		{C4E3FE3D-ACBD-4D3B-B0B6-1CAD2E95F09A}.Debug|x86.ActiveCfg = Debug|Any CPU
		{C4E3FE3D-ACBD-4D3B-B0B6-1CAD2E95F09A}.Debug|x86.Build.0 = Debug|Any CPU
		{C4E3FE3D-ACBD-4D3B-B0B6-1CAD2E95F09A}.Release|Any CPU.ActiveCfg = Release|Any CPU
		{C4E3FE3D-ACBD-4D3B-B0B6-1CAD2E95F09A}.Release|Any CPU.Build.0 = Release|Any CPU
		{C4E3FE3D-ACBD-4D3B-B0B6-1CAD2E95F09A}.Release|x64.ActiveCfg = Release|Any CPU
		{C4E3FE3D-ACBD-4D3B-B0B6-1CAD2E95F09A}.Release|x64.Build.0 = Release|Any CPU
		{C4E3FE3D-ACBD-4D3B-B0B6-1CAD2E95F09A}.Release|x86.ActiveCfg = Release|Any CPU
		{C4E3FE3D-ACBD-4D3B-B0B6-1CAD2E95F09A}.Release|x86.Build.0 = Release|Any CPU
	EndGlobalSection
	GlobalSection(SolutionProperties) = preSolution
		HideSolutionNode = FALSE
	EndGlobalSection
	GlobalSection(NestedProjects) = preSolution
		{C4E3FE3D-ACBD-4D3B-B0B6-1CAD2E95F09A} = {E2D692FF-8BF4-97BD-1D46-34C3D73AE893}
	EndGlobalSection
	GlobalSection(ExtensibilityGlobals) = postSolution
		SolutionGuid = {5B90030C-31E9-482D-901D-BD7B9F331A8B}
	EndGlobalSection
EndGlobal
